
Microsoft Visual Studio Solution File, Format Version 12.00
# Visual Studio 15
VisualStudioVersion = 15.0.28010.2041
MinimumVisualStudioVersion = 10.0.40219.1
Project("{9A19103F-16F7-4668-BE54-9A1E7A4F7556}") = "Sharp7.Rx", "Sharp7.Rx\Sharp7.Rx.csproj", "{690A7E0E-BE95-49AC-AF2F-7FEA2F63204A}"
EndProject
Global
	GlobalSection(SolutionConfigurationPlatforms) = preSolution
		Debug|Any CPU = Debug|Any CPU
		Release|Any CPU = Release|Any CPU
	EndGlobalSection
	GlobalSection(ProjectConfigurationPlatforms) = postSolution
		{690A7E0E-BE95-49AC-AF2F-7FEA2F63204A}.Debug|Any CPU.ActiveCfg = Debug|Any CPU
		{690A7E0E-BE95-49AC-AF2F-7FEA2F63204A}.Debug|Any CPU.Build.0 = Debug|Any CPU
		{690A7E0E-BE95-49AC-AF2F-7FEA2F63204A}.Release|Any CPU.ActiveCfg = Release|Any CPU
		{690A7E0E-BE95-49AC-AF2F-7FEA2F63204A}.Release|Any CPU.Build.0 = Release|Any CPU
	EndGlobalSection
	GlobalSection(SolutionProperties) = preSolution
		HideSolutionNode = FALSE
	EndGlobalSection
	GlobalSection(ExtensibilityGlobals) = postSolution
		SolutionGuid = {ABA1FD47-15EE-4588-9BA7-0116C635BFC4}
	EndGlobalSection
EndGlobal
